{
    "_readme": [
        "This file locks the dependencies of your project to a known state",
        "Read more about it at https://getcomposer.org/doc/01-basic-usage.md#installing-dependencies",
        "This file is @generated automatically"
    ],
    "content-hash": "cc1fa9ac81f3368d97e044bfcf3920c7",
    "packages": [
        {
            "name": "uuf6429/force.com-toolkit-for-php",
            "version": "v27.0.3",
            "source": {
                "type": "git",
                "url": "https://github.com/uuf6429/Force.com-Toolkit-for-PHP.git",
                "reference": "14eadd0adae15216907dff5e76a922c0f8a3c9fa"
            },
            "dist": {
                "type": "zip",
                "url": "https://api.github.com/repos/uuf6429/Force.com-Toolkit-for-PHP/zipball/14eadd0adae15216907dff5e76a922c0f8a3c9fa",
                "reference": "14eadd0adae15216907dff5e76a922c0f8a3c9fa",
                "shasum": ""
            },
            "type": "library",
            "extra": {
                "branch-alias": {
                    "dev-master": "1.0.x-dev"
                }
            },
            "autoload": {
                "classmap": [
                    "soapclient"
                ]
            },
            "notification-url": "https://packagist.org/downloads/",
            "license": [
                "BSD-3-Clause"
            ],
            "description": "A wrapper for the Force.com Web Services SOAP API",
            "time": "2015-03-23T21:27:56+00:00"
        }
    ],
    "packages-dev": [],
    "aliases": [],
    "minimum-stability": "stable",
    "stability-flags": [],
    "prefer-stable": false,
    "prefer-lowest": false,
    "platform": [],
    "platform-dev": []
}
